
Microsoft Visual Studio Solution File, Format Version 12.00
# Visual Studio 15
VisualStudioVersion = 15.0.28307.1525
MinimumVisualStudioVersion = 10.0.40219.1
Project("{2150E333-8FDC-42A3-9474-1A3956D46DE8}") = "Configuration", "Configuration", "{F3ED04A3-33BF-4546-B29E-FAEA97E45BAC}"
EndProject
Project("{2150E333-8FDC-42A3-9474-1A3956D46DE8}") = "Feature", "Feature", "{79B8BE9A-F98D-4AB9-A06C-FF8EB6F2D961}"
EndProject
Project("{2150E333-8FDC-42A3-9474-1A3956D46DE8}") = "Foundation", "Foundation", "{0022C039-8A2B-483F-95A1-2AE1D7EF5EEB}"
EndProject
Project("{2150E333-8FDC-42A3-9474-1A3956D46DE8}") = "Project", "Project", "{937011ED-2495-43CB-841A-122090FD581E}"
EndProject
Project("{2150E333-8FDC-42A3-9474-1A3956D46DE8}") = "Common", "Common", "{F49AC7D7-54E9-4ACB-877C-35F8E454A253}"
EndProject
Project("{2150E333-8FDC-42A3-9474-1A3956D46DE8}") = "TrainingDemo", "TrainingDemo", "{41C1AAB7-580C-435B-87BF-F16A25F3022F}"
EndProject
Project("{FAE04EC0-301F-11D3-BF4B-00C04F79EFBC}") = "Sitecore.TrainingDemo.Website", "src\Project\TrainingDemo\code\Sitecore.TrainingDemo.Website.csproj", "{650E612A-036A-497B-BEB0-420EE2D1D419}"
EndProject
Project("{2150E333-8FDC-42A3-9474-1A3956D46DE8}") = "Header", "Header", "{F555C03F-988C-4E82-9387-08F55F41125C}"
EndProject
Project("{FAE04EC0-301F-11D3-BF4B-00C04F79EFBC}") = "Sitecore.Feature.Header", "src\Feature\Header\code\Sitecore.Feature.Header.csproj", "{3025CE07-EB7C-4DB9-8027-FE110DD0135B}"
EndProject
Project("{2150E333-8FDC-42A3-9474-1A3956D46DE8}") = "Footer", "Footer", "{D4EA5EF7-7A36-4819-B453-12BACFA49CF1}"
EndProject
Project("{FAE04EC0-301F-11D3-BF4B-00C04F79EFBC}") = "Sitecore.Feature.Footer", "src\Feature\Footer\code\Sitecore.Feature.Footer.csproj", "{0E7FB1FE-7A5C-4133-8BC2-460742A315BD}"
	ProjectSection(ProjectDependencies) = postProject
		{4BFCFEEA-2214-4F82-9B25-E25AE75E158C} = {4BFCFEEA-2214-4F82-9B25-E25AE75E158C}
	EndProjectSection
EndProject
Project("{2150E333-8FDC-42A3-9474-1A3956D46DE8}") = "MultiSite", "MultiSite", "{1E8592FB-720F-4BE6-9937-C47A6DCD3093}"
EndProject
Project("{FAE04EC0-301F-11D3-BF4B-00C04F79EFBC}") = "Sitecore.Foundation.MultiSite", "src\Foundation\MultiSite\code\Sitecore.Foundation.MultiSite.csproj", "{659F5291-4C24-4970-BEFA-D5E337AE73F4}"
EndProject
Project("{2150E333-8FDC-42A3-9474-1A3956D46DE8}") = "Domain", "Domain", "{37F9C1D1-5A3A-4A9C-AC80-E64A5C359EE8}"
EndProject
Project("{FAE04EC0-301F-11D3-BF4B-00C04F79EFBC}") = "Sitecore.Foundation.Domain", "src\Foundation\Domain\code\Sitecore.Foundation.Domain.csproj", "{4BFCFEEA-2214-4F82-9B25-E25AE75E158C}"
EndProject
Project("{2150E333-8FDC-42A3-9474-1A3956D46DE8}") = "Navigation", "Navigation", "{55D82CA3-961F-4775-BDAB-2922479BD54F}"
EndProject
Project("{FAE04EC0-301F-11D3-BF4B-00C04F79EFBC}") = "Sitecore.Feature.Navigation", "src\Feature\Navigation\code\Sitecore.Feature.Navigation.csproj", "{672A0DA3-73C2-4798-AC1D-E0D486251DE2}"
	ProjectSection(ProjectDependencies) = postProject
		{4BFCFEEA-2214-4F82-9B25-E25AE75E158C} = {4BFCFEEA-2214-4F82-9B25-E25AE75E158C}
	EndProjectSection
EndProject
Project("{2150E333-8FDC-42A3-9474-1A3956D46DE8}") = "Article", "Article", "{8C63531D-F50E-4D04-B6A5-AD895719B340}"
EndProject
Project("{FAE04EC0-301F-11D3-BF4B-00C04F79EFBC}") = "Sitecore.Feature.Article", "src\Feature\Article\code\Sitecore.Feature.Article.csproj", "{6E66432D-4D39-41E7-8607-606FDC9064F2}"
EndProject
Project("{FAE04EC0-301F-11D3-BF4B-00C04F79EFBC}") = "Sitecore.Common.Website", "src\Project\Common\code\Sitecore.Common.Website.csproj", "{6B3BAEDF-EE72-4906-9D4C-F0A0898B32CE}"
EndProject
Project("{2150E333-8FDC-42A3-9474-1A3956D46DE8}") = "ArticleListing", "ArticleListing", "{E132B616-52E1-4500-AC2D-0F88247D4A7C}"
EndProject
Project("{FAE04EC0-301F-11D3-BF4B-00C04F79EFBC}") = "Sitecore.Feature.ArticleListing", "src\Feature\ArticleListing\code\Sitecore.Feature.ArticleListing.csproj", "{15F1300F-034F-42C2-BAD6-601E9338620E}"
	ProjectSection(ProjectDependencies) = postProject
		{4BFCFEEA-2214-4F82-9B25-E25AE75E158C} = {4BFCFEEA-2214-4F82-9B25-E25AE75E158C}
	EndProjectSection
EndProject
Project("{2150E333-8FDC-42A3-9474-1A3956D46DE8}") = "PrimaryImage", "PrimaryImage", "{80DD258B-5EB0-4773-8676-E76EA5B10E7D}"
EndProject
Project("{2150E333-8FDC-42A3-9474-1A3956D46DE8}") = "PrimaryText", "PrimaryText", "{AFAC0DCF-609D-4AF7-99C7-AAD9F6039284}"
EndProject
Project("{FAE04EC0-301F-11D3-BF4B-00C04F79EFBC}") = "Sitecore.Feature.PrimaryImage", "src\Feature\PrimaryImage\code\Sitecore.Feature.PrimaryImage.csproj", "{C6125F6B-F0BF-44E7-8B7E-E66B36B0D830}"
EndProject
Project("{FAE04EC0-301F-11D3-BF4B-00C04F79EFBC}") = "Sitecore.Feature.PrimaryText", "src\Feature\PrimaryText\code\Sitecore.Feature.PrimaryText.csproj", "{AEB934B8-E92E-443C-B989-E31CF71E5877}"
EndProject
Project("{2150E333-8FDC-42A3-9474-1A3956D46DE8}") = "ImageGallery", "ImageGallery", "{57B0E1C2-F200-4A28-B9D8-6906520715A3}"
EndProject
Project("{FAE04EC0-301F-11D3-BF4B-00C04F79EFBC}") = "Sitecore.Feature.ImageGallery", "src\Feature\ImageGallery\code\Sitecore.Feature.ImageGallery.csproj", "{4DD7B1EC-7F1E-43E3-A56E-B9299018C21E}"
EndProject
Project("{2150E333-8FDC-42A3-9474-1A3956D46DE8}") = "SitecoreExtensions", "SitecoreExtensions", "{B222D276-609A-42C6-ABF5-E4BAA53EC904}"
EndProject
Project("{FAE04EC0-301F-11D3-BF4B-00C04F79EFBC}") = "Sitecore.Foundation.SitecoreExtensions", "src\Foundation\SitecoreExtensions\code\Sitecore.Foundation.SitecoreExtensions.csproj", "{7B43F1B1-2FC4-410A-AC3B-6295F760D545}"
	ProjectSection(ProjectDependencies) = postProject
		{4BFCFEEA-2214-4F82-9B25-E25AE75E158C} = {4BFCFEEA-2214-4F82-9B25-E25AE75E158C}
	EndProjectSection
EndProject
Project("{2150E333-8FDC-42A3-9474-1A3956D46DE8}") = "Banner", "Banner", "{98E8C6F4-E2D0-4A30-BFF1-5E18C7838972}"
EndProject
Project("{FAE04EC0-301F-11D3-BF4B-00C04F79EFBC}") = "Sitecore.Feature.Banner", "src\Feature\Banner\code\Sitecore.Feature.Banner.csproj", "{314E099A-CBE4-4DC2-BE6A-7D2AD2951BBF}"
EndProject
Global
	GlobalSection(SolutionConfigurationPlatforms) = preSolution
		Debug|Any CPU = Debug|Any CPU
		Release|Any CPU = Release|Any CPU
	EndGlobalSection
	GlobalSection(ProjectConfigurationPlatforms) = postSolution
		{650E612A-036A-497B-BEB0-420EE2D1D419}.Debug|Any CPU.ActiveCfg = Debug|Any CPU
		{650E612A-036A-497B-BEB0-420EE2D1D419}.Debug|Any CPU.Build.0 = Debug|Any CPU
		{650E612A-036A-497B-BEB0-420EE2D1D419}.Release|Any CPU.ActiveCfg = Release|Any CPU
		{650E612A-036A-497B-BEB0-420EE2D1D419}.Release|Any CPU.Build.0 = Release|Any CPU
		{3025CE07-EB7C-4DB9-8027-FE110DD0135B}.Debug|Any CPU.ActiveCfg = Debug|Any CPU
		{3025CE07-EB7C-4DB9-8027-FE110DD0135B}.Debug|Any CPU.Build.0 = Debug|Any CPU
		{3025CE07-EB7C-4DB9-8027-FE110DD0135B}.Release|Any CPU.ActiveCfg = Release|Any CPU
		{3025CE07-EB7C-4DB9-8027-FE110DD0135B}.Release|Any CPU.Build.0 = Release|Any CPU
		{0E7FB1FE-7A5C-4133-8BC2-460742A315BD}.Debug|Any CPU.ActiveCfg = Debug|Any CPU
		{0E7FB1FE-7A5C-4133-8BC2-460742A315BD}.Debug|Any CPU.Build.0 = Debug|Any CPU
		{0E7FB1FE-7A5C-4133-8BC2-460742A315BD}.Release|Any CPU.ActiveCfg = Release|Any CPU
		{0E7FB1FE-7A5C-4133-8BC2-460742A315BD}.Release|Any CPU.Build.0 = Release|Any CPU
		{659F5291-4C24-4970-BEFA-D5E337AE73F4}.Debug|Any CPU.ActiveCfg = Debug|Any CPU
		{659F5291-4C24-4970-BEFA-D5E337AE73F4}.Debug|Any CPU.Build.0 = Debug|Any CPU
		{659F5291-4C24-4970-BEFA-D5E337AE73F4}.Release|Any CPU.ActiveCfg = Release|Any CPU
		{659F5291-4C24-4970-BEFA-D5E337AE73F4}.Release|Any CPU.Build.0 = Release|Any CPU
		{4BFCFEEA-2214-4F82-9B25-E25AE75E158C}.Debug|Any CPU.ActiveCfg = Debug|Any CPU
		{4BFCFEEA-2214-4F82-9B25-E25AE75E158C}.Debug|Any CPU.Build.0 = Debug|Any CPU
		{4BFCFEEA-2214-4F82-9B25-E25AE75E158C}.Release|Any CPU.ActiveCfg = Release|Any CPU
		{4BFCFEEA-2214-4F82-9B25-E25AE75E158C}.Release|Any CPU.Build.0 = Release|Any CPU
		{672A0DA3-73C2-4798-AC1D-E0D486251DE2}.Debug|Any CPU.ActiveCfg = Debug|Any CPU
		{672A0DA3-73C2-4798-AC1D-E0D486251DE2}.Debug|Any CPU.Build.0 = Debug|Any CPU
		{672A0DA3-73C2-4798-AC1D-E0D486251DE2}.Release|Any CPU.ActiveCfg = Release|Any CPU
		{672A0DA3-73C2-4798-AC1D-E0D486251DE2}.Release|Any CPU.Build.0 = Release|Any CPU
		{6E66432D-4D39-41E7-8607-606FDC9064F2}.Debug|Any CPU.ActiveCfg = Debug|Any CPU
		{6E66432D-4D39-41E7-8607-606FDC9064F2}.Debug|Any CPU.Build.0 = Debug|Any CPU
		{6E66432D-4D39-41E7-8607-606FDC9064F2}.Release|Any CPU.ActiveCfg = Release|Any CPU
		{6E66432D-4D39-41E7-8607-606FDC9064F2}.Release|Any CPU.Build.0 = Release|Any CPU
		{6B3BAEDF-EE72-4906-9D4C-F0A0898B32CE}.Debug|Any CPU.ActiveCfg = Debug|Any CPU
		{6B3BAEDF-EE72-4906-9D4C-F0A0898B32CE}.Debug|Any CPU.Build.0 = Debug|Any CPU
		{6B3BAEDF-EE72-4906-9D4C-F0A0898B32CE}.Release|Any CPU.ActiveCfg = Release|Any CPU
		{6B3BAEDF-EE72-4906-9D4C-F0A0898B32CE}.Release|Any CPU.Build.0 = Release|Any CPU
		{15F1300F-034F-42C2-BAD6-601E9338620E}.Debug|Any CPU.ActiveCfg = Debug|Any CPU
		{15F1300F-034F-42C2-BAD6-601E9338620E}.Debug|Any CPU.Build.0 = Debug|Any CPU
		{15F1300F-034F-42C2-BAD6-601E9338620E}.Release|Any CPU.ActiveCfg = Release|Any CPU
		{15F1300F-034F-42C2-BAD6-601E9338620E}.Release|Any CPU.Build.0 = Release|Any CPU
		{C6125F6B-F0BF-44E7-8B7E-E66B36B0D830}.Debug|Any CPU.ActiveCfg = Debug|Any CPU
		{C6125F6B-F0BF-44E7-8B7E-E66B36B0D830}.Debug|Any CPU.Build.0 = Debug|Any CPU
		{C6125F6B-F0BF-44E7-8B7E-E66B36B0D830}.Release|Any CPU.ActiveCfg = Release|Any CPU
		{C6125F6B-F0BF-44E7-8B7E-E66B36B0D830}.Release|Any CPU.Build.0 = Release|Any CPU
		{AEB934B8-E92E-443C-B989-E31CF71E5877}.Debug|Any CPU.ActiveCfg = Debug|Any CPU
		{AEB934B8-E92E-443C-B989-E31CF71E5877}.Debug|Any CPU.Build.0 = Debug|Any CPU
		{AEB934B8-E92E-443C-B989-E31CF71E5877}.Release|Any CPU.ActiveCfg = Release|Any CPU
		{AEB934B8-E92E-443C-B989-E31CF71E5877}.Release|Any CPU.Build.0 = Release|Any CPU
		{4DD7B1EC-7F1E-43E3-A56E-B9299018C21E}.Debug|Any CPU.ActiveCfg = Debug|Any CPU
		{4DD7B1EC-7F1E-43E3-A56E-B9299018C21E}.Debug|Any CPU.Build.0 = Debug|Any CPU
		{4DD7B1EC-7F1E-43E3-A56E-B9299018C21E}.Release|Any CPU.ActiveCfg = Release|Any CPU
		{4DD7B1EC-7F1E-43E3-A56E-B9299018C21E}.Release|Any CPU.Build.0 = Release|Any CPU
		{7B43F1B1-2FC4-410A-AC3B-6295F760D545}.Debug|Any CPU.ActiveCfg = Debug|Any CPU
		{7B43F1B1-2FC4-410A-AC3B-6295F760D545}.Debug|Any CPU.Build.0 = Debug|Any CPU
		{7B43F1B1-2FC4-410A-AC3B-6295F760D545}.Release|Any CPU.ActiveCfg = Release|Any CPU
		{7B43F1B1-2FC4-410A-AC3B-6295F760D545}.Release|Any CPU.Build.0 = Release|Any CPU
		{314E099A-CBE4-4DC2-BE6A-7D2AD2951BBF}.Debug|Any CPU.ActiveCfg = Debug|Any CPU
		{314E099A-CBE4-4DC2-BE6A-7D2AD2951BBF}.Debug|Any CPU.Build.0 = Debug|Any CPU
		{314E099A-CBE4-4DC2-BE6A-7D2AD2951BBF}.Release|Any CPU.ActiveCfg = Release|Any CPU
		{314E099A-CBE4-4DC2-BE6A-7D2AD2951BBF}.Release|Any CPU.Build.0 = Release|Any CPU
	EndGlobalSection
	GlobalSection(SolutionProperties) = preSolution
		HideSolutionNode = FALSE
	EndGlobalSection
	GlobalSection(NestedProjects) = preSolution
		{F49AC7D7-54E9-4ACB-877C-35F8E454A253} = {937011ED-2495-43CB-841A-122090FD581E}
		{41C1AAB7-580C-435B-87BF-F16A25F3022F} = {937011ED-2495-43CB-841A-122090FD581E}
		{650E612A-036A-497B-BEB0-420EE2D1D419} = {41C1AAB7-580C-435B-87BF-F16A25F3022F}
		{F555C03F-988C-4E82-9387-08F55F41125C} = {79B8BE9A-F98D-4AB9-A06C-FF8EB6F2D961}
		{3025CE07-EB7C-4DB9-8027-FE110DD0135B} = {F555C03F-988C-4E82-9387-08F55F41125C}
		{D4EA5EF7-7A36-4819-B453-12BACFA49CF1} = {79B8BE9A-F98D-4AB9-A06C-FF8EB6F2D961}
		{0E7FB1FE-7A5C-4133-8BC2-460742A315BD} = {D4EA5EF7-7A36-4819-B453-12BACFA49CF1}
		{1E8592FB-720F-4BE6-9937-C47A6DCD3093} = {0022C039-8A2B-483F-95A1-2AE1D7EF5EEB}
		{659F5291-4C24-4970-BEFA-D5E337AE73F4} = {1E8592FB-720F-4BE6-9937-C47A6DCD3093}
		{37F9C1D1-5A3A-4A9C-AC80-E64A5C359EE8} = {0022C039-8A2B-483F-95A1-2AE1D7EF5EEB}
		{4BFCFEEA-2214-4F82-9B25-E25AE75E158C} = {37F9C1D1-5A3A-4A9C-AC80-E64A5C359EE8}
		{55D82CA3-961F-4775-BDAB-2922479BD54F} = {79B8BE9A-F98D-4AB9-A06C-FF8EB6F2D961}
		{672A0DA3-73C2-4798-AC1D-E0D486251DE2} = {55D82CA3-961F-4775-BDAB-2922479BD54F}
		{8C63531D-F50E-4D04-B6A5-AD895719B340} = {79B8BE9A-F98D-4AB9-A06C-FF8EB6F2D961}
		{6E66432D-4D39-41E7-8607-606FDC9064F2} = {8C63531D-F50E-4D04-B6A5-AD895719B340}
		{6B3BAEDF-EE72-4906-9D4C-F0A0898B32CE} = {F49AC7D7-54E9-4ACB-877C-35F8E454A253}
		{E132B616-52E1-4500-AC2D-0F88247D4A7C} = {79B8BE9A-F98D-4AB9-A06C-FF8EB6F2D961}
		{15F1300F-034F-42C2-BAD6-601E9338620E} = {E132B616-52E1-4500-AC2D-0F88247D4A7C}
		{80DD258B-5EB0-4773-8676-E76EA5B10E7D} = {79B8BE9A-F98D-4AB9-A06C-FF8EB6F2D961}
		{AFAC0DCF-609D-4AF7-99C7-AAD9F6039284} = {79B8BE9A-F98D-4AB9-A06C-FF8EB6F2D961}
		{C6125F6B-F0BF-44E7-8B7E-E66B36B0D830} = {80DD258B-5EB0-4773-8676-E76EA5B10E7D}
		{AEB934B8-E92E-443C-B989-E31CF71E5877} = {AFAC0DCF-609D-4AF7-99C7-AAD9F6039284}
		{57B0E1C2-F200-4A28-B9D8-6906520715A3} = {79B8BE9A-F98D-4AB9-A06C-FF8EB6F2D961}
		{4DD7B1EC-7F1E-43E3-A56E-B9299018C21E} = {57B0E1C2-F200-4A28-B9D8-6906520715A3}
		{B222D276-609A-42C6-ABF5-E4BAA53EC904} = {0022C039-8A2B-483F-95A1-2AE1D7EF5EEB}
		{7B43F1B1-2FC4-410A-AC3B-6295F760D545} = {B222D276-609A-42C6-ABF5-E4BAA53EC904}
		{98E8C6F4-E2D0-4A30-BFF1-5E18C7838972} = {79B8BE9A-F98D-4AB9-A06C-FF8EB6F2D961}
		{314E099A-CBE4-4DC2-BE6A-7D2AD2951BBF} = {98E8C6F4-E2D0-4A30-BFF1-5E18C7838972}
	EndGlobalSection
	GlobalSection(ExtensibilityGlobals) = postSolution
		SolutionGuid = {F5115E6A-3189-45A1-A4EC-82B6874A85F8}
		EnterpriseLibraryConfigurationToolBinariesPathV6 = packages\EnterpriseLibrary.Common.6.0.1304.0\lib\NET45;packages\EnterpriseLibrary.TransientFaultHandling.6.0.1304.0\lib\portable-net45+win+wp8;packages\EnterpriseLibrary.TransientFaultHandling.Caching.6.0.1304.0\lib\NET45;packages\EnterpriseLibrary.TransientFaultHandling.Data.6.0.1304.1\lib\NET45;packages\EnterpriseLibrary.TransientFaultHandling.ServiceBus.6.0.1304.0\lib\NET45;packages\EnterpriseLibrary.TransientFaultHandling.WindowsAzure.Storage.6.0.1304.0\lib\NET45;packages\EnterpriseLibrary.TransientFaultHandling.Configuration.6.0.1304.0\lib\NET45
	EndGlobalSection
EndGlobal
